
Microsoft Visual Studio Solution File, Format Version 12.00
# Visual Studio Version 17
VisualStudioVersion = 17.7.34202.233
MinimumVisualStudioVersion = 10.0.40219.1
Project("{9A19103F-16F7-4668-BE54-9A1E7A4F7556}") = "DataAccess", "DataAccess\DataAccess.csproj", "{F7760FB7-867B-42AB-9687-B5349F3229C8}"
EndProject
Project("{9A19103F-16F7-4668-BE54-9A1E7A4F7556}") = "Business", "Business\Business.csproj", "{8716890C-8F6D-4766-941C-0287A4313E8A}"
EndProject
Project("{9A19103F-16F7-4668-BE54-9A1E7A4F7556}") = "Entities", "Entities\Entities.csproj", "{902DD82F-0247-4FB8-8EB6-4B075E03C0CA}"
EndProject
Project("{9A19103F-16F7-4668-BE54-9A1E7A4F7556}") = "ConsoleUI", "ConsoleUI\ConsoleUI.csproj", "{F73D3CC6-CC7D-4558-BD90-E0AE42CB5DCC}"
EndProject
Project("{9A19103F-16F7-4668-BE54-9A1E7A4F7556}") = "Core", "Core\Core.csproj", "{6A698AC7-08D5-4D98-B996-859F16545742}"
EndProject
Project("{FAE04EC0-301F-11D3-BF4B-00C04F79EFBC}") = "WebAPI", "WebAPI\WebAPI.csproj", "{9B1BF723-090C-40F2-9656-4F7295A85C2B}"
EndProject
Global
	GlobalSection(SolutionConfigurationPlatforms) = preSolution
		Debug|Any CPU = Debug|Any CPU
		Release|Any CPU = Release|Any CPU
	EndGlobalSection
	GlobalSection(ProjectConfigurationPlatforms) = postSolution
		{F7760FB7-867B-42AB-9687-B5349F3229C8}.Debug|Any CPU.ActiveCfg = Debug|Any CPU
		{F7760FB7-867B-42AB-9687-B5349F3229C8}.Debug|Any CPU.Build.0 = Debug|Any CPU
		{F7760FB7-867B-42AB-9687-B5349F3229C8}.Release|Any CPU.ActiveCfg = Release|Any CPU
		{F7760FB7-867B-42AB-9687-B5349F3229C8}.Release|Any CPU.Build.0 = Release|Any CPU
		{8716890C-8F6D-4766-941C-0287A4313E8A}.Debug|Any CPU.ActiveCfg = Debug|Any CPU
		{8716890C-8F6D-4766-941C-0287A4313E8A}.Debug|Any CPU.Build.0 = Debug|Any CPU
		{8716890C-8F6D-4766-941C-0287A4313E8A}.Release|Any CPU.ActiveCfg = Release|Any CPU
		{8716890C-8F6D-4766-941C-0287A4313E8A}.Release|Any CPU.Build.0 = Release|Any CPU
		{902DD82F-0247-4FB8-8EB6-4B075E03C0CA}.Debug|Any CPU.ActiveCfg = Debug|Any CPU
		{902DD82F-0247-4FB8-8EB6-4B075E03C0CA}.Debug|Any CPU.Build.0 = Debug|Any CPU
		{902DD82F-0247-4FB8-8EB6-4B075E03C0CA}.Release|Any CPU.ActiveCfg = Release|Any CPU
		{902DD82F-0247-4FB8-8EB6-4B075E03C0CA}.Release|Any CPU.Build.0 = Release|Any CPU
		{F73D3CC6-CC7D-4558-BD90-E0AE42CB5DCC}.Debug|Any CPU.ActiveCfg = Debug|Any CPU
		{F73D3CC6-CC7D-4558-BD90-E0AE42CB5DCC}.Debug|Any CPU.Build.0 = Debug|Any CPU
		{F73D3CC6-CC7D-4558-BD90-E0AE42CB5DCC}.Release|Any CPU.ActiveCfg = Release|Any CPU
		{F73D3CC6-CC7D-4558-BD90-E0AE42CB5DCC}.Release|Any CPU.Build.0 = Release|Any CPU
		{6A698AC7-08D5-4D98-B996-859F16545742}.Debug|Any CPU.ActiveCfg = Debug|Any CPU
		{6A698AC7-08D5-4D98-B996-859F16545742}.Debug|Any CPU.Build.0 = Debug|Any CPU
		{6A698AC7-08D5-4D98-B996-859F16545742}.Release|Any CPU.ActiveCfg = Release|Any CPU
		{6A698AC7-08D5-4D98-B996-859F16545742}.Release|Any CPU.Build.0 = Release|Any CPU
		{9B1BF723-090C-40F2-9656-4F7295A85C2B}.Debug|Any CPU.ActiveCfg = Debug|Any CPU
		{9B1BF723-090C-40F2-9656-4F7295A85C2B}.Debug|Any CPU.Build.0 = Debug|Any CPU
		{9B1BF723-090C-40F2-9656-4F7295A85C2B}.Release|Any CPU.ActiveCfg = Release|Any CPU
		{9B1BF723-090C-40F2-9656-4F7295A85C2B}.Release|Any CPU.Build.0 = Release|Any CPU
	EndGlobalSection
	GlobalSection(SolutionProperties) = preSolution
		HideSolutionNode = FALSE
	EndGlobalSection
	GlobalSection(ExtensibilityGlobals) = postSolution
		SolutionGuid = {38D22801-9E2E-402D-8B8F-396F197DD29F}
	EndGlobalSection
EndGlobal
